
Microsoft Visual Studio Solution File, Format Version 12.00
# Visual Studio Version 17
VisualStudioVersion = 17.0.31903.59
MinimumVisualStudioVersion = 10.0.40219.1
Project("{2150E333-8FDC-42A3-9474-1A3956D46DE8}") = "src", "src", "{827E0CD3-B72D-47B6-A68D-7590B98EB39B}"
EndProject
Project("{FAE04EC0-301F-11D3-BF4B-00C04F79EFBC}") = "OrderEngine.Api", "src\OrderEngine.Api\OrderEngine.Api.csproj", "{44ACC7AE-49A6-464D-B3E0-1A33FF24A482}"
EndProject
Project("{FAE04EC0-301F-11D3-BF4B-00C04F79EFBC}") = "OrderEngine.Application", "src\OrderEngine.Application\OrderEngine.Application.csproj", "{BD1C4A90-D41D-4FA4-B34B-2930266E6D04}"
EndProject
Project("{FAE04EC0-301F-11D3-BF4B-00C04F79EFBC}") = "OrderEngine.Domain", "src\OrderEngine.Domain\OrderEngine.Domain.csproj", "{161DBBDA-1659-48AF-BF2C-609CB52139B1}"
EndProject
Project("{FAE04EC0-301F-11D3-BF4B-00C04F79EFBC}") = "OrderEngine.Infrastructure", "src\OrderEngine.Infrastructure\OrderEngine.Infrastructure.csproj", "{BF36D302-CAD3-4A85-BAC1-682A2DE9DFDB}"
EndProject
Project("{FAE04EC0-301F-11D3-BF4B-00C04F79EFBC}") = "OrderEngine.Shared", "src\OrderEngine.Shared\OrderEngine.Shared.csproj", "{CDB9F385-F9D4-4DCF-92AC-86D2CE25D5E1}"
EndProject
Project("{FAE04EC0-301F-11D3-BF4B-00C04F79EFBC}") = "OrderEngine.Web", "src\OrderEngine.Web\OrderEngine.Web.csproj", "{831C7D3F-41FC-4049-8BF6-2A789F152427}"
EndProject
Global
	GlobalSection(SolutionConfigurationPlatforms) = preSolution
		Debug|Any CPU = Debug|Any CPU
		Debug|x64 = Debug|x64
		Debug|x86 = Debug|x86
		Release|Any CPU = Release|Any CPU
		Release|x64 = Release|x64
		Release|x86 = Release|x86
	EndGlobalSection
	GlobalSection(ProjectConfigurationPlatforms) = postSolution
		{44ACC7AE-49A6-464D-B3E0-1A33FF24A482}.Debug|Any CPU.ActiveCfg = Debug|Any CPU
		{44ACC7AE-49A6-464D-B3E0-1A33FF24A482}.Debug|Any CPU.Build.0 = Debug|Any CPU
		{44ACC7AE-49A6-464D-B3E0-1A33FF24A482}.Debug|x64.ActiveCfg = Debug|Any CPU
		{44ACC7AE-49A6-464D-B3E0-1A33FF24A482}.Debug|x64.Build.0 = Debug|Any CPU
		{44ACC7AE-49A6-464D-B3E0-1A33FF24A482}.Debug|x86.ActiveCfg = Debug|Any CPU
		{44ACC7AE-49A6-464D-B3E0-1A33FF24A482}.Debug|x86.Build.0 = Debug|Any CPU
		{44ACC7AE-49A6-464D-B3E0-1A33FF24A482}.Release|Any CPU.ActiveCfg = Release|Any CPU
		{44ACC7AE-49A6-464D-B3E0-1A33FF24A482}.Release|Any CPU.Build.0 = Release|Any CPU
		{44ACC7AE-49A6-464D-B3E0-1A33FF24A482}.Release|x64.ActiveCfg = Release|Any CPU
		{44ACC7AE-49A6-464D-B3E0-1A33FF24A482}.Release|x64.Build.0 = Release|Any CPU
		{44ACC7AE-49A6-464D-B3E0-1A33FF24A482}.Release|x86.ActiveCfg = Release|Any CPU
		{44ACC7AE-49A6-464D-B3E0-1A33FF24A482}.Release|x86.Build.0 = Release|Any CPU
		{BD1C4A90-D41D-4FA4-B34B-2930266E6D04}.Debug|Any CPU.ActiveCfg = Debug|Any CPU
		{BD1C4A90-D41D-4FA4-B34B-2930266E6D04}.Debug|Any CPU.Build.0 = Debug|Any CPU
		{BD1C4A90-D41D-4FA4-B34B-2930266E6D04}.Debug|x64.ActiveCfg = Debug|Any CPU
		{BD1C4A90-D41D-4FA4-B34B-2930266E6D04}.Debug|x64.Build.0 = Debug|Any CPU
		{BD1C4A90-D41D-4FA4-B34B-2930266E6D04}.Debug|x86.ActiveCfg = Debug|Any CPU
		{BD1C4A90-D41D-4FA4-B34B-2930266E6D04}.Debug|x86.Build.0 = Debug|Any CPU
		{BD1C4A90-D41D-4FA4-B34B-2930266E6D04}.Release|Any CPU.ActiveCfg = Release|Any CPU
		{BD1C4A90-D41D-4FA4-B34B-2930266E6D04}.Release|Any CPU.Build.0 = Release|Any CPU
		{BD1C4A90-D41D-4FA4-B34B-2930266E6D04}.Release|x64.ActiveCfg = Release|Any CPU
		{BD1C4A90-D41D-4FA4-B34B-2930266E6D04}.Release|x64.Build.0 = Release|Any CPU
		{BD1C4A90-D41D-4FA4-B34B-2930266E6D04}.Release|x86.ActiveCfg = Release|Any CPU
		{BD1C4A90-D41D-4FA4-B34B-2930266E6D04}.Release|x86.Build.0 = Release|Any CPU
		{161DBBDA-1659-48AF-BF2C-609CB52139B1}.Debug|Any CPU.ActiveCfg = Debug|Any CPU
		{161DBBDA-1659-48AF-BF2C-609CB52139B1}.Debug|Any CPU.Build.0 = Debug|Any CPU
		{161DBBDA-1659-48AF-BF2C-609CB52139B1}.Debug|x64.ActiveCfg = Debug|Any CPU
		{161DBBDA-1659-48AF-BF2C-609CB52139B1}.Debug|x64.Build.0 = Debug|Any CPU
		{161DBBDA-1659-48AF-BF2C-609CB52139B1}.Debug|x86.ActiveCfg = Debug|Any CPU
		{161DBBDA-1659-48AF-BF2C-609CB52139B1}.Debug|x86.Build.0 = Debug|Any CPU
		{161DBBDA-1659-48AF-BF2C-609CB52139B1}.Release|Any CPU.ActiveCfg = Release|Any CPU
		{161DBBDA-1659-48AF-BF2C-609CB52139B1}.Release|Any CPU.Build.0 = Release|Any CPU
		{161DBBDA-1659-48AF-BF2C-609CB52139B1}.Release|x64.ActiveCfg = Release|Any CPU
		{161DBBDA-1659-48AF-BF2C-609CB52139B1}.Release|x64.Build.0 = Release|Any CPU
		{161DBBDA-1659-48AF-BF2C-609CB52139B1}.Release|x86.ActiveCfg = Release|Any CPU
		{161DBBDA-1659-48AF-BF2C-609CB52139B1}.Release|x86.Build.0 = Release|Any CPU
		{BF36D302-CAD3-4A85-BAC1-682A2DE9DFDB}.Debug|Any CPU.ActiveCfg = Debug|Any CPU
		{BF36D302-CAD3-4A85-BAC1-682A2DE9DFDB}.Debug|Any CPU.Build.0 = Debug|Any CPU
		{BF36D302-CAD3-4A85-BAC1-682A2DE9DFDB}.Debug|x64.ActiveCfg = Debug|Any CPU
		{BF36D302-CAD3-4A85-BAC1-682A2DE9DFDB}.Debug|x64.Build.0 = Debug|Any CPU
		{BF36D302-CAD3-4A85-BAC1-682A2DE9DFDB}.Debug|x86.ActiveCfg = Debug|Any CPU
		{BF36D302-CAD3-4A85-BAC1-682A2DE9DFDB}.Debug|x86.Build.0 = Debug|Any CPU
		{BF36D302-CAD3-4A85-BAC1-682A2DE9DFDB}.Release|Any CPU.ActiveCfg = Release|Any CPU
		{BF36D302-CAD3-4A85-BAC1-682A2DE9DFDB}.Release|Any CPU.Build.0 = Release|Any CPU
		{BF36D302-CAD3-4A85-BAC1-682A2DE9DFDB}.Release|x64.ActiveCfg = Release|Any CPU
		{BF36D302-CAD3-4A85-BAC1-682A2DE9DFDB}.Release|x64.Build.0 = Release|Any CPU
		{BF36D302-CAD3-4A85-BAC1-682A2DE9DFDB}.Release|x86.ActiveCfg = Release|Any CPU
		{BF36D302-CAD3-4A85-BAC1-682A2DE9DFDB}.Release|x86.Build.0 = Release|Any CPU
		{CDB9F385-F9D4-4DCF-92AC-86D2CE25D5E1}.Debug|Any CPU.ActiveCfg = Debug|Any CPU
		{CDB9F385-F9D4-4DCF-92AC-86D2CE25D5E1}.Debug|Any CPU.Build.0 = Debug|Any CPU
		{CDB9F385-F9D4-4DCF-92AC-86D2CE25D5E1}.Debug|x64.ActiveCfg = Debug|Any CPU
		{CDB9F385-F9D4-4DCF-92AC-86D2CE25D5E1}.Debug|x64.Build.0 = Debug|Any CPU
		{CDB9F385-F9D4-4DCF-92AC-86D2CE25D5E1}.Debug|x86.ActiveCfg = Debug|Any CPU
		{CDB9F385-F9D4-4DCF-92AC-86D2CE25D5E1}.Debug|x86.Build.0 = Debug|Any CPU
		{CDB9F385-F9D4-4DCF-92AC-86D2CE25D5E1}.Release|Any CPU.ActiveCfg = Release|Any CPU
		{CDB9F385-F9D4-4DCF-92AC-86D2CE25D5E1}.Release|Any CPU.Build.0 = Release|Any CPU
		{CDB9F385-F9D4-4DCF-92AC-86D2CE25D5E1}.Release|x64.ActiveCfg = Release|Any CPU
		{CDB9F385-F9D4-4DCF-92AC-86D2CE25D5E1}.Release|x64.Build.0 = Release|Any CPU
		{CDB9F385-F9D4-4DCF-92AC-86D2CE25D5E1}.Release|x86.ActiveCfg = Release|Any CPU
		{CDB9F385-F9D4-4DCF-92AC-86D2CE25D5E1}.Release|x86.Build.0 = Release|Any CPU
		{831C7D3F-41FC-4049-8BF6-2A789F152427}.Debug|Any CPU.ActiveCfg = Debug|Any CPU
		{831C7D3F-41FC-4049-8BF6-2A789F152427}.Debug|Any CPU.Build.0 = Debug|Any CPU
		{831C7D3F-41FC-4049-8BF6-2A789F152427}.Debug|x64.ActiveCfg = Debug|Any CPU
		{831C7D3F-41FC-4049-8BF6-2A789F152427}.Debug|x64.Build.0 = Debug|Any CPU
		{831C7D3F-41FC-4049-8BF6-2A789F152427}.Debug|x86.ActiveCfg = Debug|Any CPU
		{831C7D3F-41FC-4049-8BF6-2A789F152427}.Debug|x86.Build.0 = Debug|Any CPU
		{831C7D3F-41FC-4049-8BF6-2A789F152427}.Release|Any CPU.ActiveCfg = Release|Any CPU
		{831C7D3F-41FC-4049-8BF6-2A789F152427}.Release|Any CPU.Build.0 = Release|Any CPU
		{831C7D3F-41FC-4049-8BF6-2A789F152427}.Release|x64.ActiveCfg = Release|Any CPU
		{831C7D3F-41FC-4049-8BF6-2A789F152427}.Release|x64.Build.0 = Release|Any CPU
		{831C7D3F-41FC-4049-8BF6-2A789F152427}.Release|x86.ActiveCfg = Release|Any CPU
		{831C7D3F-41FC-4049-8BF6-2A789F152427}.Release|x86.Build.0 = Release|Any CPU
	EndGlobalSection
	GlobalSection(SolutionProperties) = preSolution
		HideSolutionNode = FALSE
	EndGlobalSection
	GlobalSection(NestedProjects) = preSolution
		{44ACC7AE-49A6-464D-B3E0-1A33FF24A482} = {827E0CD3-B72D-47B6-A68D-7590B98EB39B}
		{BD1C4A90-D41D-4FA4-B34B-2930266E6D04} = {827E0CD3-B72D-47B6-A68D-7590B98EB39B}
		{161DBBDA-1659-48AF-BF2C-609CB52139B1} = {827E0CD3-B72D-47B6-A68D-7590B98EB39B}
		{BF36D302-CAD3-4A85-BAC1-682A2DE9DFDB} = {827E0CD3-B72D-47B6-A68D-7590B98EB39B}
		{CDB9F385-F9D4-4DCF-92AC-86D2CE25D5E1} = {827E0CD3-B72D-47B6-A68D-7590B98EB39B}
		{831C7D3F-41FC-4049-8BF6-2A789F152427} = {827E0CD3-B72D-47B6-A68D-7590B98EB39B}
	EndGlobalSection
EndGlobal
